
Microsoft Visual Studio Solution File, Format Version 12.00
# Visual Studio Version 17
VisualStudioVersion = 17.8.34511.84
MinimumVisualStudioVersion = 10.0.40219.1
Project("{FAE04EC0-301F-11D3-BF4B-00C04F79EFBC}") = "ThucHanhAPI2", "ThucHanhAPI2\ThucHanhAPI2.csproj", "{E811553B-80AE-417A-89F8-168D3FC283D4}"
EndProject
Global
	GlobalSection(SolutionConfigurationPlatforms) = preSolution
		Debug|Any CPU = Debug|Any CPU
		Release|Any CPU = Release|Any CPU
	EndGlobalSection
	GlobalSection(ProjectConfigurationPlatforms) = postSolution
		{E811553B-80AE-417A-89F8-168D3FC283D4}.Debug|Any CPU.ActiveCfg = Debug|Any CPU
		{E811553B-80AE-417A-89F8-168D3FC283D4}.Debug|Any CPU.Build.0 = Debug|Any CPU
		{E811553B-80AE-417A-89F8-168D3FC283D4}.Release|Any CPU.ActiveCfg = Release|Any CPU
		{E811553B-80AE-417A-89F8-168D3FC283D4}.Release|Any CPU.Build.0 = Release|Any CPU
	EndGlobalSection
	GlobalSection(SolutionProperties) = preSolution
		HideSolutionNode = FALSE
	EndGlobalSection
	GlobalSection(ExtensibilityGlobals) = postSolution
		SolutionGuid = {731E72DF-9E64-400F-A13E-FBF38B6D536E}
	EndGlobalSection
EndGlobal
